
Microsoft Visual Studio Solution File, Format Version 12.00
# Visual Studio Version 17
VisualStudioVersion = 17.3.32819.101
MinimumVisualStudioVersion = 10.0.40219.1
Project("{9A19103F-16F7-4668-BE54-9A1E7A4F7556}") = "laba2_SPP", "laba2_SPP\laba2_SPP.csproj", "{7D968FBD-4F3B-4923-B44B-2497D165FD9E}"
EndProject
Project("{FAE04EC0-301F-11D3-BF4B-00C04F79EFBC}") = "IntGeneratorPlugin", "IntGeneratorPlugin\IntGeneratorPlugin.csproj", "{6C0959F4-8533-4D22-A79E-ABF98152110D}"
EndProject
Project("{FAE04EC0-301F-11D3-BF4B-00C04F79EFBC}") = "DoubleGeneratorPlugin", "DoubleGenerator\DoubleGeneratorPlugin.csproj", "{3D7E2D29-AB4E-42ED-8C00-B217C0ECB051}"
EndProject
Global
	GlobalSection(SolutionConfigurationPlatforms) = preSolution
		Debug|Any CPU = Debug|Any CPU
		Release|Any CPU = Release|Any CPU
	EndGlobalSection
	GlobalSection(ProjectConfigurationPlatforms) = postSolution
		{7D968FBD-4F3B-4923-B44B-2497D165FD9E}.Debug|Any CPU.ActiveCfg = Debug|Any CPU
		{7D968FBD-4F3B-4923-B44B-2497D165FD9E}.Debug|Any CPU.Build.0 = Debug|Any CPU
		{7D968FBD-4F3B-4923-B44B-2497D165FD9E}.Release|Any CPU.ActiveCfg = Release|Any CPU
		{7D968FBD-4F3B-4923-B44B-2497D165FD9E}.Release|Any CPU.Build.0 = Release|Any CPU
		{6C0959F4-8533-4D22-A79E-ABF98152110D}.Debug|Any CPU.ActiveCfg = Debug|Any CPU
		{6C0959F4-8533-4D22-A79E-ABF98152110D}.Debug|Any CPU.Build.0 = Debug|Any CPU
		{6C0959F4-8533-4D22-A79E-ABF98152110D}.Release|Any CPU.ActiveCfg = Release|Any CPU
		{6C0959F4-8533-4D22-A79E-ABF98152110D}.Release|Any CPU.Build.0 = Release|Any CPU
		{3D7E2D29-AB4E-42ED-8C00-B217C0ECB051}.Debug|Any CPU.ActiveCfg = Debug|Any CPU
		{3D7E2D29-AB4E-42ED-8C00-B217C0ECB051}.Debug|Any CPU.Build.0 = Debug|Any CPU
		{3D7E2D29-AB4E-42ED-8C00-B217C0ECB051}.Release|Any CPU.ActiveCfg = Release|Any CPU
		{3D7E2D29-AB4E-42ED-8C00-B217C0ECB051}.Release|Any CPU.Build.0 = Release|Any CPU
	EndGlobalSection
	GlobalSection(SolutionProperties) = preSolution
		HideSolutionNode = FALSE
	EndGlobalSection
	GlobalSection(ExtensibilityGlobals) = postSolution
		SolutionGuid = {FF7F3C1B-6801-4376-946A-57415296D4DD}
	EndGlobalSection
EndGlobal
